
Microsoft Visual Studio Solution File, Format Version 12.00
# Visual Studio 14
VisualStudioVersion = 14.0.25420.1
MinimumVisualStudioVersion = 10.0.40219.1
Project("{888888A0-9F3D-457C-B088-3A5042F75D52}") = "SyslogHandler", "SyslogHandler\SyslogHandler.pyproj", "{A0A0C573-B856-49D0-B982-FDD5C36D4462}"
EndProject
Global
	GlobalSection(SolutionConfigurationPlatforms) = preSolution
		Debug|Any CPU = Debug|Any CPU
		Release|Any CPU = Release|Any CPU
	EndGlobalSection
	GlobalSection(ProjectConfigurationPlatforms) = postSolution
		{A0A0C573-B856-49D0-B982-FDD5C36D4462}.Debug|Any CPU.ActiveCfg = Debug|Any CPU
		{A0A0C573-B856-49D0-B982-FDD5C36D4462}.Release|Any CPU.ActiveCfg = Release|Any CPU
	EndGlobalSection
	GlobalSection(SolutionProperties) = preSolution
		HideSolutionNode = FALSE
	EndGlobalSection
	GlobalSection(TeamFoundationVersionControl) = preSolution
		SccNumberOfProjects = 2
		SccEnterpriseProvider = {4CA58AB2-18FA-4F8D-95D4-32DDF27D184C}
		SccTeamFoundationServer = https://ankushvangari2.visualstudio.com/
		SccLocalPath0 = .
		SccProjectUniqueName1 = SyslogHandler\\SyslogHandler.pyproj
		SccProjectName1 = SyslogHandler
		SccLocalPath1 = SyslogHandler
	EndGlobalSection
EndGlobal
